
Microsoft Visual Studio Solution File, Format Version 12.00
# Visual Studio 15
VisualStudioVersion = 15.0.27703.2042
MinimumVisualStudioVersion = 10.0.40219.1
Project("{FAE04EC0-301F-11D3-BF4B-00C04F79EFBC}") = "LocadoraJogos", "LocadoraJogos\LocadoraJogos.csproj", "{135C25AB-BDDD-4B79-9148-96D67C944AF1}"
EndProject
Global
	GlobalSection(SolutionConfigurationPlatforms) = preSolution
		Debug|Any CPU = Debug|Any CPU
		Release|Any CPU = Release|Any CPU
	EndGlobalSection
	GlobalSection(ProjectConfigurationPlatforms) = postSolution
		{135C25AB-BDDD-4B79-9148-96D67C944AF1}.Debug|Any CPU.ActiveCfg = Debug|Any CPU
		{135C25AB-BDDD-4B79-9148-96D67C944AF1}.Debug|Any CPU.Build.0 = Debug|Any CPU
		{135C25AB-BDDD-4B79-9148-96D67C944AF1}.Release|Any CPU.ActiveCfg = Release|Any CPU
		{135C25AB-BDDD-4B79-9148-96D67C944AF1}.Release|Any CPU.Build.0 = Release|Any CPU
	EndGlobalSection
	GlobalSection(SolutionProperties) = preSolution
		HideSolutionNode = FALSE
	EndGlobalSection
	GlobalSection(ExtensibilityGlobals) = postSolution
		SolutionGuid = {612F4874-66C5-45CD-8CED-4F05E62F1D04}
	EndGlobalSection
EndGlobal
